
Microsoft Visual Studio Solution File, Format Version 12.00
# Visual Studio Version 16
VisualStudioVersion = 16.0.30114.105
MinimumVisualStudioVersion = 10.0.40219.1
Project("{FAE04EC0-301F-11D3-BF4B-00C04F79EFBC}") = "EventProcessor", "EventProcessor\EventProcessor.csproj", "{128341AD-4DCF-4F1D-AC8A-7F7F6BEC1822}"
EndProject
Project("{FAE04EC0-301F-11D3-BF4B-00C04F79EFBC}") = "EventProcessor.Test", "EventProcessor.Test\EventProcessor.Test.csproj", "{542F3F33-9B04-4A8D-9F75-2B2E44B1873C}"
EndProject
Global
	GlobalSection(SolutionConfigurationPlatforms) = preSolution
		Debug|Any CPU = Debug|Any CPU
		Release|Any CPU = Release|Any CPU
	EndGlobalSection
	GlobalSection(SolutionProperties) = preSolution
		HideSolutionNode = FALSE
	EndGlobalSection
	GlobalSection(ProjectConfigurationPlatforms) = postSolution
		{128341AD-4DCF-4F1D-AC8A-7F7F6BEC1822}.Debug|Any CPU.ActiveCfg = Debug|Any CPU
		{128341AD-4DCF-4F1D-AC8A-7F7F6BEC1822}.Debug|Any CPU.Build.0 = Debug|Any CPU
		{128341AD-4DCF-4F1D-AC8A-7F7F6BEC1822}.Release|Any CPU.ActiveCfg = Release|Any CPU
		{128341AD-4DCF-4F1D-AC8A-7F7F6BEC1822}.Release|Any CPU.Build.0 = Release|Any CPU
		{542F3F33-9B04-4A8D-9F75-2B2E44B1873C}.Debug|Any CPU.ActiveCfg = Debug|Any CPU
		{542F3F33-9B04-4A8D-9F75-2B2E44B1873C}.Debug|Any CPU.Build.0 = Debug|Any CPU
		{542F3F33-9B04-4A8D-9F75-2B2E44B1873C}.Release|Any CPU.ActiveCfg = Release|Any CPU
		{542F3F33-9B04-4A8D-9F75-2B2E44B1873C}.Release|Any CPU.Build.0 = Release|Any CPU
	EndGlobalSection
EndGlobal
